
Microsoft Visual Studio Solution File, Format Version 12.00
# Visual Studio Version 17
VisualStudioVersion = 17.2.32519.379
MinimumVisualStudioVersion = 10.0.40219.1
Project("{FAE04EC0-301F-11D3-BF4B-00C04F79EFBC}") = "tcpAisParser", "tcpAisParser\tcpAisParser.csproj", "{1F22F547-DB62-4FF0-8892-DC5A3152051A}"
EndProject
Global
	GlobalSection(SolutionConfigurationPlatforms) = preSolution
		Debug|Any CPU = Debug|Any CPU
		Release|Any CPU = Release|Any CPU
	EndGlobalSection
	GlobalSection(ProjectConfigurationPlatforms) = postSolution
		{1F22F547-DB62-4FF0-8892-DC5A3152051A}.Debug|Any CPU.ActiveCfg = Debug|Any CPU
		{1F22F547-DB62-4FF0-8892-DC5A3152051A}.Debug|Any CPU.Build.0 = Debug|Any CPU
		{1F22F547-DB62-4FF0-8892-DC5A3152051A}.Release|Any CPU.ActiveCfg = Release|Any CPU
		{1F22F547-DB62-4FF0-8892-DC5A3152051A}.Release|Any CPU.Build.0 = Release|Any CPU
	EndGlobalSection
	GlobalSection(SolutionProperties) = preSolution
		HideSolutionNode = FALSE
	EndGlobalSection
	GlobalSection(ExtensibilityGlobals) = postSolution
		SolutionGuid = {E10F7C57-9671-4067-8126-2A0F6152FE74}
	EndGlobalSection
EndGlobal
